
Microsoft Visual Studio Solution File, Format Version 12.00
# Visual Studio Version 17
VisualStudioVersion = 17.13.35818.85
MinimumVisualStudioVersion = 10.0.40219.1
Project("{FAE04EC0-301F-11D3-BF4B-00C04F79EFBC}") = "API", "API.csproj", "{66FC6120-B92B-4CDB-9D1B-BB8FEAE34BFF}"
EndProject
Project("{FAE04EC0-301F-11D3-BF4B-00C04F79EFBC}") = "Domain", "Domain\Domain.csproj", "{3621D140-C47A-4BC5-93AA-761B051DF525}"
EndProject
Project("{FAE04EC0-301F-11D3-BF4B-00C04F79EFBC}") = "Application", "Application\Application.csproj", "{FED7A7D6-4BF9-4B63-B61A-53B044203171}"
EndProject
Project("{FAE04EC0-301F-11D3-BF4B-00C04F79EFBC}") = "Infrastructure", "Infrastructure\Infrastructure.csproj", "{D1764EEE-7691-48ED-A544-DFDBB61593BC}"
EndProject
Global
	GlobalSection(SolutionConfigurationPlatforms) = preSolution
		Debug|Any CPU = Debug|Any CPU
		Release|Any CPU = Release|Any CPU
	EndGlobalSection
	GlobalSection(ProjectConfigurationPlatforms) = postSolution
		{66FC6120-B92B-4CDB-9D1B-BB8FEAE34BFF}.Debug|Any CPU.ActiveCfg = Debug|Any CPU
		{66FC6120-B92B-4CDB-9D1B-BB8FEAE34BFF}.Debug|Any CPU.Build.0 = Debug|Any CPU
		{66FC6120-B92B-4CDB-9D1B-BB8FEAE34BFF}.Release|Any CPU.ActiveCfg = Release|Any CPU
		{66FC6120-B92B-4CDB-9D1B-BB8FEAE34BFF}.Release|Any CPU.Build.0 = Release|Any CPU
		{3621D140-C47A-4BC5-93AA-761B051DF525}.Debug|Any CPU.ActiveCfg = Debug|Any CPU
		{3621D140-C47A-4BC5-93AA-761B051DF525}.Debug|Any CPU.Build.0 = Debug|Any CPU
		{3621D140-C47A-4BC5-93AA-761B051DF525}.Release|Any CPU.ActiveCfg = Release|Any CPU
		{3621D140-C47A-4BC5-93AA-761B051DF525}.Release|Any CPU.Build.0 = Release|Any CPU
		{FED7A7D6-4BF9-4B63-B61A-53B044203171}.Debug|Any CPU.ActiveCfg = Debug|Any CPU
		{FED7A7D6-4BF9-4B63-B61A-53B044203171}.Debug|Any CPU.Build.0 = Debug|Any CPU
		{FED7A7D6-4BF9-4B63-B61A-53B044203171}.Release|Any CPU.ActiveCfg = Release|Any CPU
		{FED7A7D6-4BF9-4B63-B61A-53B044203171}.Release|Any CPU.Build.0 = Release|Any CPU
		{D1764EEE-7691-48ED-A544-DFDBB61593BC}.Debug|Any CPU.ActiveCfg = Debug|Any CPU
		{D1764EEE-7691-48ED-A544-DFDBB61593BC}.Debug|Any CPU.Build.0 = Debug|Any CPU
		{D1764EEE-7691-48ED-A544-DFDBB61593BC}.Release|Any CPU.ActiveCfg = Release|Any CPU
		{D1764EEE-7691-48ED-A544-DFDBB61593BC}.Release|Any CPU.Build.0 = Release|Any CPU
	EndGlobalSection
	GlobalSection(SolutionProperties) = preSolution
		HideSolutionNode = FALSE
	EndGlobalSection
	GlobalSection(ExtensibilityGlobals) = postSolution
		SolutionGuid = {B36A91C9-EE7C-446A-9BEE-59689306C4A5}
	EndGlobalSection
EndGlobal
